
Microsoft Visual Studio Solution File, Format Version 12.00
# Visual Studio Version 17
VisualStudioVersion = 17.7.34018.315
MinimumVisualStudioVersion = 10.0.40219.1
Project("{FAE04EC0-301F-11D3-BF4B-00C04F79EFBC}") = "DecoratorPacotesViagem", "DecoratorApp1\DecoratorPacotesViagem.csproj", "{C2B408CF-EE76-4D78-99D1-23AA5091896C}"
EndProject
Global
	GlobalSection(SolutionConfigurationPlatforms) = preSolution
		Debug|Any CPU = Debug|Any CPU
		Release|Any CPU = Release|Any CPU
	EndGlobalSection
	GlobalSection(ProjectConfigurationPlatforms) = postSolution
		{C2B408CF-EE76-4D78-99D1-23AA5091896C}.Debug|Any CPU.ActiveCfg = Debug|Any CPU
		{C2B408CF-EE76-4D78-99D1-23AA5091896C}.Debug|Any CPU.Build.0 = Debug|Any CPU
		{C2B408CF-EE76-4D78-99D1-23AA5091896C}.Release|Any CPU.ActiveCfg = Release|Any CPU
		{C2B408CF-EE76-4D78-99D1-23AA5091896C}.Release|Any CPU.Build.0 = Release|Any CPU
	EndGlobalSection
	GlobalSection(SolutionProperties) = preSolution
		HideSolutionNode = FALSE
	EndGlobalSection
	GlobalSection(ExtensibilityGlobals) = postSolution
		SolutionGuid = {10C20449-3253-4069-81F4-9A02FFA4B8B8}
	EndGlobalSection
EndGlobal
